<?xml version="1.0" encoding="utf-8"?>
<Project ToolsVersion="4.0" xmlns="http://schemas.microsoft.com/developer/msbuild/2003">
  <ItemGroup>
    <Filter Include="Header Files">
      <UniqueIdentifier>{93995380-89BD-4b04-88EB-625FBE52EBFB}</UniqueIdentifier>
      <Extensions>h;hh;hpp;hxx;h++;hm;inl;inc;ipp;xsd</Extensions>
    </Filter>
    <Filter Include="Resource Files">
      <UniqueIdentifier>{67DA6AB6-F800-4c08-8B7A-83BB121AAD01}</UniqueIdentifier>
      <Extensions>rc;ico;cur;bmp;dlg;rc2;rct;bin;rgs;gif;jpg;jpeg;jpe;resx;tiff;tif;png;wav;mfcribbon-ms</Extensions>
    </Filter>
    <Filter Include="Modules">
      <UniqueIdentifier>{8e44bd99-5d96-4c68-b3b0-dab0fc3dac65}</UniqueIdentifier>
    </Filter>
    <Filter Include="Modules\Implementation Units">
      <UniqueIdentifier>{4a88f6a8-ef53-49ed-8678-d3c51b71b829}</UniqueIdentifier>
    </Filter>
    <Filter Include="Modules\Interfaces">
      <UniqueIdentifier>{50fa8052-015e-4913-961c-eb4bbd9a64fc}</UniqueIdentifier>
    </Filter>
    <Filter Include="Modules\Standalone">
      <UniqueIdentifier>{424257a2-c682-4f84-bb37-89506d36f0e2}</UniqueIdentifier>
    </Filter>
  </ItemGroup>
  <ItemGroup>
    <ClCompile Include="Modules\Implementation Units\Logger.cpp">
      <Filter>Modules\Implementation Units</Filter>
    </ClCompile>
    <ClCompile Include="Modules\Interfaces\Logger.cppm">
      <Filter>Modules\Interfaces</Filter>
    </ClCompile>
    <ClCompile Include="Modules\Standalone\LogFormat.cppm">
      <Filter>Modules\Standalone</Filter>
    </ClCompile>
    <ClCompile Include="Modules\Standalone\LogLevel.cppm">
      <Filter>Modules\Standalone</Filter>
    </ClCompile>
    <ClCompile Include="Modules\Standalone\TransportOptions.cppm">
      <Filter>Modules\Standalone</Filter>
    </ClCompile>
  </ItemGroup>
</Project>