<?xml version="1.0" encoding="utf-8"?>
<Project ToolsVersion="4.0" xmlns="http://schemas.microsoft.com/developer/msbuild/2003">
  <ItemGroup>
    <Filter Include="Source Files">
      <UniqueIdentifier>{4FC737F1-C7A5-4376-A066-2A32D752A2FF}</UniqueIdentifier>
      <Extensions>cpp;c;cc;cxx;c++;cppm;ixx;def;odl;idl;hpj;bat;asm;asmx</Extensions>
    </Filter>
    <Filter Include="Header Files">
      <UniqueIdentifier>{93995380-89BD-4b04-88EB-625FBE52EBFB}</UniqueIdentifier>
      <Extensions>h;hh;hpp;hxx;h++;hm;inl;inc;ipp;xsd</Extensions>
    </Filter>
    <Filter Include="Resource Files">
      <UniqueIdentifier>{67DA6AB6-F800-4c08-8B7A-83BB121AAD01}</UniqueIdentifier>
      <Extensions>rc;ico;cur;bmp;dlg;rc2;rct;bin;rgs;gif;jpg;jpeg;jpe;resx;tiff;tif;png;wav;mfcribbon-ms</Extensions>
    </Filter>
    <Filter Include="Modules">
      <UniqueIdentifier>{42c09d78-7f93-4ef1-985f-f4ecbd8ae6bf}</UniqueIdentifier>
    </Filter>
    <Filter Include="Modules\Interfaces">
      <UniqueIdentifier>{a166cdd0-72d0-4131-83f6-55a213e9fe92}</UniqueIdentifier>
    </Filter>
    <Filter Include="Modules\Implementation Units">
      <UniqueIdentifier>{b7a9956d-1049-4f2e-9bce-42b4fe45f952}</UniqueIdentifier>
    </Filter>
    <Filter Include="Modules\Standalone">
      <UniqueIdentifier>{d28b766b-01f4-4f62-8645-2e943177187a}</UniqueIdentifier>
    </Filter>
  </ItemGroup>
  <ItemGroup>
    <ClCompile Include="Main.cpp">
      <Filter>Source Files</Filter>
    </ClCompile>
    <ClCompile Include="config.cppm">
      <Filter>Modules\Standalone</Filter>
    </ClCompile>
    <ClCompile Include="ConsoleManager.cpp">
      <Filter>Modules\Implementation Units</Filter>
    </ClCompile>
    <ClCompile Include="ColorType.cppm">
      <Filter>Modules\Standalone</Filter>
    </ClCompile>
    <ClCompile Include="ConsoleManager.cppm">
      <Filter>Modules\Interfaces</Filter>
    </ClCompile>
    <ClCompile Include="FileHandler.cppm">
      <Filter>Modules\Interfaces</Filter>
    </ClCompile>
    <ClCompile Include="FileHandler.cpp">
      <Filter>Modules\Implementation Units</Filter>
    </ClCompile>
    <ClCompile Include="LoginScene.cppm">
      <Filter>Modules\Interfaces</Filter>
    </ClCompile>
    <ClCompile Include="LoginScene.cpp">
      <Filter>Modules\Implementation Units</Filter>
    </ClCompile>
    <ClCompile Include="Player.cppm">
      <Filter>Modules\Interfaces</Filter>
    </ClCompile>
    <ClCompile Include="Player.cpp">
      <Filter>Modules\Implementation Units</Filter>
    </ClCompile>
    <ClCompile Include="User.cppm">
      <Filter>Modules\Interfaces</Filter>
    </ClCompile>
    <ClCompile Include="User.cpp">
      <Filter>Modules\Implementation Units</Filter>
    </ClCompile>
    <ClCompile Include="Timer.cppm">
      <Filter>Modules\Interfaces</Filter>
    </ClCompile>
    <ClCompile Include="Timer.cpp">
      <Filter>Modules\Implementation Units</Filter>
    </ClCompile>
    <ClCompile Include="Vocabulary.cpp">
      <Filter>Modules\Implementation Units</Filter>
    </ClCompile>
    <ClCompile Include="Vocabulary.cppm">
      <Filter>Modules\Interfaces</Filter>
    </ClCompile>
    <ClCompile Include="SceneType.cppm">
      <Filter>Modules\Standalone</Filter>
    </ClCompile>
    <ClCompile Include="SceneManager.cppm">
      <Filter>Modules\Interfaces</Filter>
    </ClCompile>
  </ItemGroup>
</Project>